
Microsoft Visual Studio Solution File, Format Version 12.00
# Visual Studio Version 17
VisualStudioVersion = 17.9.34728.123
MinimumVisualStudioVersion = 10.0.40219.1
Project("{9A19103F-16F7-4668-BE54-9A1E7A4F7556}") = "ManekiApp", "ManekiApp\ManekiApp.csproj", "{A6101AE4-67F7-4A0F-870D-717A72685BA4}"
EndProject
Project("{9A19103F-16F7-4668-BE54-9A1E7A4F7556}") = "ManekiApp.Client", "ManekiApp.Client\ManekiApp.Client.csproj", "{269BA36D-2881-4A0F-A839-F28B96292D5E}"
EndProject
Global
	GlobalSection(SolutionConfigurationPlatforms) = preSolution
		Debug|Any CPU = Debug|Any CPU
		Release|Any CPU = Release|Any CPU
	EndGlobalSection
	GlobalSection(ProjectConfigurationPlatforms) = postSolution
		{A6101AE4-67F7-4A0F-870D-717A72685BA4}.Debug|Any CPU.ActiveCfg = Debug|Any CPU
		{A6101AE4-67F7-4A0F-870D-717A72685BA4}.Debug|Any CPU.Build.0 = Debug|Any CPU
		{A6101AE4-67F7-4A0F-870D-717A72685BA4}.Release|Any CPU.ActiveCfg = Release|Any CPU
		{A6101AE4-67F7-4A0F-870D-717A72685BA4}.Release|Any CPU.Build.0 = Release|Any CPU
		{269BA36D-2881-4A0F-A839-F28B96292D5E}.Debug|Any CPU.ActiveCfg = Debug|Any CPU
		{269BA36D-2881-4A0F-A839-F28B96292D5E}.Debug|Any CPU.Build.0 = Debug|Any CPU
		{269BA36D-2881-4A0F-A839-F28B96292D5E}.Release|Any CPU.ActiveCfg = Release|Any CPU
		{269BA36D-2881-4A0F-A839-F28B96292D5E}.Release|Any CPU.Build.0 = Release|Any CPU
	EndGlobalSection
	GlobalSection(SolutionProperties) = preSolution
		HideSolutionNode = FALSE
	EndGlobalSection
	GlobalSection(ExtensibilityGlobals) = postSolution
		SolutionGuid = {6EA11676-D85E-4634-B7A6-F9F267B8A9A1}
	EndGlobalSection
EndGlobal
